
Microsoft Visual Studio Solution File, Format Version 12.00
# Visual Studio Version 17
VisualStudioVersion = 17.3.32929.385
MinimumVisualStudioVersion = 10.0.40219.1
Project("{9A19103F-16F7-4668-BE54-9A1E7A4F7556}") = "Stage0", "Stage0\Stage0.csproj", "{34581B54-1A4B-417D-9EE8-5B9CBECB28B1}"
EndProject
Project("{2150E333-8FDC-42A3-9474-1A3956D46DE8}") = "Solution Items", "Solution Items", "{2FE7DECA-7E28-435D-9C18-2DF8833C0935}"
	ProjectSection(SolutionItems) = preProject
		README.md = README.md
	EndProjectSection
EndProject
Global
	GlobalSection(SolutionConfigurationPlatforms) = preSolution
		Debug|Any CPU = Debug|Any CPU
		Release|Any CPU = Release|Any CPU
	EndGlobalSection
	GlobalSection(ProjectConfigurationPlatforms) = postSolution
		{34581B54-1A4B-417D-9EE8-5B9CBECB28B1}.Debug|Any CPU.ActiveCfg = Debug|Any CPU
		{34581B54-1A4B-417D-9EE8-5B9CBECB28B1}.Debug|Any CPU.Build.0 = Debug|Any CPU
		{34581B54-1A4B-417D-9EE8-5B9CBECB28B1}.Release|Any CPU.ActiveCfg = Release|Any CPU
		{34581B54-1A4B-417D-9EE8-5B9CBECB28B1}.Release|Any CPU.Build.0 = Release|Any CPU
	EndGlobalSection
	GlobalSection(SolutionProperties) = preSolution
		HideSolutionNode = FALSE
	EndGlobalSection
	GlobalSection(ExtensibilityGlobals) = postSolution
		SolutionGuid = {9B4B2ABB-0E58-4FF0-9393-46790FFC5F19}
	EndGlobalSection
EndGlobal
